// !$*UTF8*$!
{
	archiveVersion = 1;
	classes = {
	};
	objectVersion = 46;
	objects = {

/* Begin PBXBuildFile section */
		FE6404811D54667900652BAC /* objcApplication.h in Headers */ = {isa = PBXBuildFile; fileRef = FE6404801D54667900652BAC /* objcApplication.h */; settings = {ATTRIBUTES = (Public, ); }; };
		FE6404881D54667900652BAC /* objcApplication.framework in Frameworks */ = {isa = PBXBuildFile; fileRef = FE64047D1D54667900652BAC /* objcApplication.framework */; };
		FE64048D1D54667900652BAC /* objcApplicationTests.m in Sources */ = {isa = PBXBuildFile; fileRef = FE64048C1D54667900652BAC /* objcApplicationTests.m */; };
		FE64049A1D54669000652BAC /* Cartfile in Resources */ = {isa = PBXBuildFile; fileRef = FE6404971D54669000652BAC /* Cartfile */; };
		FE64049B1D54669000652BAC /* objcApplication.podspec in Resources */ = {isa = PBXBuildFile; fileRef = FE6404981D54669000652BAC /* objcApplication.podspec */; };
		FE64049F1D5466C200652BAC /* UIApplication+VDNotification.h in Headers */ = {isa = PBXBuildFile; fileRef = FE64049D1D5466C200652BAC /* UIApplication+VDNotification.h */; settings = {ATTRIBUTES = (Public, ); }; };
		FE6404A01D5466C200652BAC /* UIApplication+VDNotification.m in Sources */ = {isa = PBXBuildFile; fileRef = FE64049E1D5466C200652BAC /* UIApplication+VDNotification.m */; };
		FE6404A31D5466E700652BAC /* UIApplication+VDStatusBar.h in Headers */ = {isa = PBXBuildFile; fileRef = FE6404A11D5466E700652BAC /* UIApplication+VDStatusBar.h */; settings = {ATTRIBUTES = (Public, ); }; };
		FE6404A41D5466E700652BAC /* UIApplication+VDStatusBar.m in Sources */ = {isa = PBXBuildFile; fileRef = FE6404A21D5466E700652BAC /* UIApplication+VDStatusBar.m */; };
/* End PBXBuildFile section */

/* Begin PBXContainerItemProxy section */
		FE6404891D54667900652BAC /* PBXContainerItemProxy */ = {
			isa = PBXContainerItemProxy;
			containerPortal = FE6404741D54667900652BAC /* Project object */;
			proxyType = 1;
			remoteGlobalIDString = FE64047C1D54667900652BAC;
			remoteInfo = objcApplication;
		};
/* End PBXContainerItemProxy section */

/* Begin PBXFileReference section */
		FE64047D1D54667900652BAC /* objcApplication.framework */ = {isa = PBXFileReference; explicitFileType = wrapper.framework; includeInIndex = 0; path = objcApplication.framework; sourceTree = BUILT_PRODUCTS_DIR; };
		FE6404801D54667900652BAC /* objcApplication.h */ = {isa = PBXFileReference; lastKnownFileType = sourcecode.c.h; path = objcApplication.h; sourceTree = "<group>"; };
		FE6404821D54667900652BAC /* Info.plist */ = {isa = PBXFileReference; lastKnownFileType = text.plist.xml; path = Info.plist; sourceTree = "<group>"; };
		FE6404871D54667900652BAC /* objcApplicationTests.xctest */ = {isa = PBXFileReference; explicitFileType = wrapper.cfbundle; includeInIndex = 0; path = objcApplicationTests.xctest; sourceTree = BUILT_PRODUCTS_DIR; };
		FE64048C1D54667900652BAC /* objcApplicationTests.m */ = {isa = PBXFileReference; lastKnownFileType = sourcecode.c.objc; path = objcApplicationTests.m; sourceTree = "<group>"; };
		FE64048E1D54667900652BAC /* Info.plist */ = {isa = PBXFileReference; lastKnownFileType = text.plist.xml; path = Info.plist; sourceTree = "<group>"; };
		FE6404971D54669000652BAC /* Cartfile */ = {isa = PBXFileReference; fileEncoding = 4; lastKnownFileType = text; path = Cartfile; sourceTree = "<group>"; };
		FE6404981D54669000652BAC /* objcApplication.podspec */ = {isa = PBXFileReference; fileEncoding = 4; lastKnownFileType = text; path = objcApplication.podspec; sourceTree = "<group>"; };
		FE6404991D54669000652BAC /* README.md */ = {isa = PBXFileReference; fileEncoding = 4; lastKnownFileType = net.daringfireball.markdown; path = README.md; sourceTree = "<group>"; };
		FE64049D1D5466C200652BAC /* UIApplication+VDNotification.h */ = {isa = PBXFileReference; fileEncoding = 4; lastKnownFileType = sourcecode.c.h; path = "UIApplication+VDNotification.h"; sourceTree = "<group>"; };
		FE64049E1D5466C200652BAC /* UIApplication+VDNotification.m */ = {isa = PBXFileReference; fileEncoding = 4; lastKnownFileType = sourcecode.c.objc; path = "UIApplication+VDNotification.m"; sourceTree = "<group>"; };
		FE6404A11D5466E700652BAC /* UIApplication+VDStatusBar.h */ = {isa = PBXFileReference; fileEncoding = 4; lastKnownFileType = sourcecode.c.h; path = "UIApplication+VDStatusBar.h"; sourceTree = "<group>"; };
		FE6404A21D5466E700652BAC /* UIApplication+VDStatusBar.m */ = {isa = PBXFileReference; fileEncoding = 4; lastKnownFileType = sourcecode.c.objc; path = "UIApplication+VDStatusBar.m"; sourceTree = "<group>"; };
/* End PBXFileReference section */

/* Begin PBXFrameworksBuildPhase section */
		FE6404791D54667900652BAC /* Frameworks */ = {
			isa = PBXFrameworksBuildPhase;
			buildActionMask = 2147483647;
			files = (
			);
			runOnlyForDeploymentPostprocessing = 0;
		};
		FE6404841D54667900652BAC /* Frameworks */ = {
			isa = PBXFrameworksBuildPhase;
			buildActionMask = 2147483647;
			files = (
				FE6404881D54667900652BAC /* objcApplication.framework in Frameworks */,
			);
			runOnlyForDeploymentPostprocessing = 0;
		};
/* End PBXFrameworksBuildPhase section */

/* Begin PBXGroup section */
		FE6404731D54667900652BAC = {
			isa = PBXGroup;
			children = (
				FE64047F1D54667900652BAC /* objcApplication */,
				FE64048B1D54667900652BAC /* objcApplicationTests */,
				FE64047E1D54667900652BAC /* Products */,
				FE6404971D54669000652BAC /* Cartfile */,
				FE6404981D54669000652BAC /* objcApplication.podspec */,
				FE6404991D54669000652BAC /* README.md */,
			);
			sourceTree = "<group>";
		};
		FE64047E1D54667900652BAC /* Products */ = {
			isa = PBXGroup;
			children = (
				FE64047D1D54667900652BAC /* objcApplication.framework */,
				FE6404871D54667900652BAC /* objcApplicationTests.xctest */,
			);
			name = Products;
			sourceTree = "<group>";
		};
		FE64047F1D54667900652BAC /* objcApplication */ = {
			isa = PBXGroup;
			children = (
				FE6404801D54667900652BAC /* objcApplication.h */,
				FE6404821D54667900652BAC /* Info.plist */,
				FE64049D1D5466C200652BAC /* UIApplication+VDNotification.h */,
				FE64049E1D5466C200652BAC /* UIApplication+VDNotification.m */,
				FE6404A11D5466E700652BAC /* UIApplication+VDStatusBar.h */,
				FE6404A21D5466E700652BAC /* UIApplication+VDStatusBar.m */,
			);
			path = objcApplication;
			sourceTree = "<group>";
		};
		FE64048B1D54667900652BAC /* objcApplicationTests */ = {
			isa = PBXGroup;
			children = (
				FE64048C1D54667900652BAC /* objcApplicationTests.m */,
				FE64048E1D54667900652BAC /* Info.plist */,
			);
			path = objcApplicationTests;
			sourceTree = "<group>";
		};
/* End PBXGroup section */

/* Begin PBXHeadersBuildPhase section */
		FE64047A1D54667900652BAC /* Headers */ = {
			isa = PBXHeadersBuildPhase;
			buildActionMask = 2147483647;
			files = (
				FE6404A31D5466E700652BAC /* UIApplication+VDStatusBar.h in Headers */,
				FE64049F1D5466C200652BAC /* UIApplication+VDNotification.h in Headers */,
				FE6404811D54667900652BAC /* objcApplication.h in Headers */,
			);
			runOnlyForDeploymentPostprocessing = 0;
		};
/* End PBXHeadersBuildPhase section */

/* Begin PBXNativeTarget section */
		FE64047C1D54667900652BAC /* objcApplication */ = {
			isa = PBXNativeTarget;
			buildConfigurationList = FE6404911D54667900652BAC /* Build configuration list for PBXNativeTarget "objcApplication" */;
			buildPhases = (
				FE6404781D54667900652BAC /* Sources */,
				FE6404791D54667900652BAC /* Frameworks */,
				FE64047A1D54667900652BAC /* Headers */,
				FE64047B1D54667900652BAC /* Resources */,
			);
			buildRules = (
			);
			dependencies = (
			);
			name = objcApplication;
			productName = objcApplication;
			productReference = FE64047D1D54667900652BAC /* objcApplication.framework */;
			productType = "com.apple.product-type.framework";
		};
		FE6404861D54667900652BAC /* objcApplicationTests */ = {
			isa = PBXNativeTarget;
			buildConfigurationList = FE6404941D54667900652BAC /* Build configuration list for PBXNativeTarget "objcApplicationTests" */;
			buildPhases = (
				FE6404831D54667900652BAC /* Sources */,
				FE6404841D54667900652BAC /* Frameworks */,
				FE6404851D54667900652BAC /* Resources */,
			);
			buildRules = (
			);
			dependencies = (
				FE64048A1D54667900652BAC /* PBXTargetDependency */,
			);
			name = objcApplicationTests;
			productName = objcApplicationTests;
			productReference = FE6404871D54667900652BAC /* objcApplicationTests.xctest */;
			productType = "com.apple.product-type.bundle.unit-test";
		};
/* End PBXNativeTarget section */

/* Begin PBXProject section */
		FE6404741D54667900652BAC /* Project object */ = {
			isa = PBXProject;
			attributes = {
				LastUpgradeCheck = 0730;
				ORGANIZATIONNAME = vilyever;
				TargetAttributes = {
					FE64047C1D54667900652BAC = {
						CreatedOnToolsVersion = 7.3.1;
						DevelopmentTeam = 2594YAARKH;
					};
					FE6404861D54667900652BAC = {
						CreatedOnToolsVersion = 7.3.1;
						DevelopmentTeam = 2594YAARKH;
					};
				};
			};
			buildConfigurationList = FE6404771D54667900652BAC /* Build configuration list for PBXProject "objcApplication" */;
			compatibilityVersion = "Xcode 3.2";
			developmentRegion = English;
			hasScannedForEncodings = 0;
			knownRegions = (
				en,
			);
			mainGroup = FE6404731D54667900652BAC;
			productRefGroup = FE64047E1D54667900652BAC /* Products */;
			projectDirPath = "";
			projectRoot = "";
			targets = (
				FE64047C1D54667900652BAC /* objcApplication */,
				FE6404861D54667900652BAC /* objcApplicationTests */,
			);
		};
/* End PBXProject section */

/* Begin PBXResourcesBuildPhase section */
		FE64047B1D54667900652BAC /* Resources */ = {
			isa = PBXResourcesBuildPhase;
			buildActionMask = 2147483647;
			files = (
				FE64049B1D54669000652BAC /* objcApplication.podspec in Resources */,
				FE64049A1D54669000652BAC /* Cartfile in Resources */,
			);
			runOnlyForDeploymentPostprocessing = 0;
		};
		FE6404851D54667900652BAC /* Resources */ = {
			isa = PBXResourcesBuildPhase;
			buildActionMask = 2147483647;
			files = (
			);
			runOnlyForDeploymentPostprocessing = 0;
		};
/* End PBXResourcesBuildPhase section */

/* Begin PBXSourcesBuildPhase section */
		FE6404781D54667900652BAC /* Sources */ = {
			isa = PBXSourcesBuildPhase;
			buildActionMask = 2147483647;
			files = (
				FE6404A41D5466E700652BAC /* UIApplication+VDStatusBar.m in Sources */,
				FE6404A01D5466C200652BAC /* UIApplication+VDNotification.m in Sources */,
			);
			runOnlyForDeploymentPostprocessing = 0;
		};
		FE6404831D54667900652BAC /* Sources */ = {
			isa = PBXSourcesBuildPhase;
			buildActionMask = 2147483647;
			files = (
				FE64048D1D54667900652BAC /* objcApplicationTests.m in Sources */,
			);
			runOnlyForDeploymentPostprocessing = 0;
		};
/* End PBXSourcesBuildPhase section */

/* Begin PBXTargetDependency section */
		FE64048A1D54667900652BAC /* PBXTargetDependency */ = {
			isa = PBXTargetDependency;
			target = FE64047C1D54667900652BAC /* objcApplication */;
			targetProxy = FE6404891D54667900652BAC /* PBXContainerItemProxy */;
		};
/* End PBXTargetDependency section */

/* Begin XCBuildConfiguration section */
		FE64048F1D54667900652BAC /* Debug */ = {
			isa = XCBuildConfiguration;
			buildSettings = {
				ALWAYS_SEARCH_USER_PATHS = NO;
				CLANG_ANALYZER_NONNULL = YES;
				CLANG_CXX_LANGUAGE_STANDARD = "gnu++0x";
				CLANG_CXX_LIBRARY = "libc++";
				CLANG_ENABLE_MODULES = YES;
				CLANG_ENABLE_OBJC_ARC = YES;
				CLANG_WARN_BOOL_CONVERSION = YES;
				CLANG_WARN_CONSTANT_CONVERSION = YES;
				CLANG_WARN_DIRECT_OBJC_ISA_USAGE = YES_ERROR;
				CLANG_WARN_EMPTY_BODY = YES;
				CLANG_WARN_ENUM_CONVERSION = YES;
				CLANG_WARN_INT_CONVERSION = YES;
				CLANG_WARN_OBJC_ROOT_CLASS = YES_ERROR;
				CLANG_WARN_UNREACHABLE_CODE = YES;
				CLANG_WARN__DUPLICATE_METHOD_MATCH = YES;
				"CODE_SIGN_IDENTITY[sdk=iphoneos*]" = "iPhone Developer";
				COPY_PHASE_STRIP = NO;
				CURRENT_PROJECT_VERSION = 1;
				DEBUG_INFORMATION_FORMAT = dwarf;
				ENABLE_STRICT_OBJC_MSGSEND = YES;
				ENABLE_TESTABILITY = YES;
				GCC_C_LANGUAGE_STANDARD = gnu99;
				GCC_DYNAMIC_NO_PIC = NO;
				GCC_NO_COMMON_BLOCKS = YES;
				GCC_OPTIMIZATION_LEVEL = 0;
				GCC_PREPROCESSOR_DEFINITIONS = (
					"DEBUG=1",
					"$(inherited)",
				);
				GCC_WARN_64_TO_32_BIT_CONVERSION = YES;
				GCC_WARN_ABOUT_RETURN_TYPE = YES_ERROR;
				GCC_WARN_UNDECLARED_SELECTOR = YES;
				GCC_WARN_UNINITIALIZED_AUTOS = YES_AGGRESSIVE;
				GCC_WARN_UNUSED_FUNCTION = YES;
				GCC_WARN_UNUSED_VARIABLE = YES;
				IPHONEOS_DEPLOYMENT_TARGET = 9.3;
				MTL_ENABLE_DEBUG_INFO = YES;
				ONLY_ACTIVE_ARCH = YES;
				SDKROOT = iphoneos;
				TARGETED_DEVICE_FAMILY = "1,2";
				VERSIONING_SYSTEM = "apple-generic";
				VERSION_INFO_PREFIX = "";
			};
			name = Debug;
		};
		FE6404901D54667900652BAC /* Release */ = {
			isa = XCBuildConfiguration;
			buildSettings = {
				ALWAYS_SEARCH_USER_PATHS = NO;
				CLANG_ANALYZER_NONNULL = YES;
				CLANG_CXX_LANGUAGE_STANDARD = "gnu++0x";
				CLANG_CXX_LIBRARY = "libc++";
				CLANG_ENABLE_MODULES = YES;
				CLANG_ENABLE_OBJC_ARC = YES;
				CLANG_WARN_BOOL_CONVERSION = YES;
				CLANG_WARN_CONSTANT_CONVERSION = YES;
				CLANG_WARN_DIRECT_OBJC_ISA_USAGE = YES_ERROR;
				CLANG_WARN_EMPTY_BODY = YES;
				CLANG_WARN_ENUM_CONVERSION = YES;
				CLANG_WARN_INT_CONVERSION = YES;
				CLANG_WARN_OBJC_ROOT_CLASS = YES_ERROR;
				CLANG_WARN_UNREACHABLE_CODE = YES;
				CLANG_WARN__DUPLICATE_METHOD_MATCH = YES;
				"CODE_SIGN_IDENTITY[sdk=iphoneos*]" = "iPhone Developer";
				COPY_PHASE_STRIP = NO;
				CURRENT_PROJECT_VERSION = 1;
				DEBUG_INFORMATION_FORMAT = "dwarf-with-dsym";
				ENABLE_NS_ASSERTIONS = NO;
				ENABLE_STRICT_OBJC_MSGSEND = YES;
				GCC_C_LANGUAGE_STANDARD = gnu99;
				GCC_NO_COMMON_BLOCKS = YES;
				GCC_WARN_64_TO_32_BIT_CONVERSION = YES;
				GCC_WARN_ABOUT_RETURN_TYPE = YES_ERROR;
				GCC_WARN_UNDECLARED_SELECTOR = YES;
				GCC_WARN_UNINITIALIZED_AUTOS = YES_AGGRESSIVE;
				GCC_WARN_UNUSED_FUNCTION = YES;
				GCC_WARN_UNUSED_VARIABLE = YES;
				IPHONEOS_DEPLOYMENT_TARGET = 9.3;
				MTL_ENABLE_DEBUG_INFO = NO;
				SDKROOT = iphoneos;
				TARGETED_DEVICE_FAMILY = "1,2";
				VALIDATE_PRODUCT = YES;
				VERSIONING_SYSTEM = "apple-generic";
				VERSION_INFO_PREFIX = "";
			};
			name = Release;
		};
		FE6404921D54667900652BAC /* Debug */ = {
			isa = XCBuildConfiguration;
			buildSettings = {
				DEFINES_MODULE = YES;
				DYLIB_COMPATIBILITY_VERSION = 1;
				DYLIB_CURRENT_VERSION = 1;
				DYLIB_INSTALL_NAME_BASE = "@rpath";
				INFOPLIST_FILE = objcApplication/Info.plist;
				INSTALL_PATH = "$(LOCAL_LIBRARY_DIR)/Frameworks";
				LD_RUNPATH_SEARCH_PATHS = "$(inherited) @executable_path/Frameworks @loader_path/Frameworks";
				PRODUCT_BUNDLE_IDENTIFIER = vilyever.objcApplication;
				PRODUCT_NAME = "$(TARGET_NAME)";
				SKIP_INSTALL = YES;
			};
			name = Debug;
		};
		FE6404931D54667900652BAC /* Release */ = {
			isa = XCBuildConfiguration;
			buildSettings = {
				DEFINES_MODULE = YES;
				DYLIB_COMPATIBILITY_VERSION = 1;
				DYLIB_CURRENT_VERSION = 1;
				DYLIB_INSTALL_NAME_BASE = "@rpath";
				INFOPLIST_FILE = objcApplication/Info.plist;
				INSTALL_PATH = "$(LOCAL_LIBRARY_DIR)/Frameworks";
				LD_RUNPATH_SEARCH_PATHS = "$(inherited) @executable_path/Frameworks @loader_path/Frameworks";
				PRODUCT_BUNDLE_IDENTIFIER = vilyever.objcApplication;
				PRODUCT_NAME = "$(TARGET_NAME)";
				SKIP_INSTALL = YES;
			};
			name = Release;
		};
		FE6404951D54667900652BAC /* Debug */ = {
			isa = XCBuildConfiguration;
			buildSettings = {
				INFOPLIST_FILE = objcApplicationTests/Info.plist;
				LD_RUNPATH_SEARCH_PATHS = "$(inherited) @executable_path/Frameworks @loader_path/Frameworks";
				PRODUCT_BUNDLE_IDENTIFIER = vilyever.objcApplicationTests;
				PRODUCT_NAME = "$(TARGET_NAME)";
			};
			name = Debug;
		};
		FE6404961D54667900652BAC /* Release */ = {
			isa = XCBuildConfiguration;
			buildSettings = {
				INFOPLIST_FILE = objcApplicationTests/Info.plist;
				LD_RUNPATH_SEARCH_PATHS = "$(inherited) @executable_path/Frameworks @loader_path/Frameworks";
				PRODUCT_BUNDLE_IDENTIFIER = vilyever.objcApplicationTests;
				PRODUCT_NAME = "$(TARGET_NAME)";
			};
			name = Release;
		};
/* End XCBuildConfiguration section */

/* Begin XCConfigurationList section */
		FE6404771D54667900652BAC /* Build configuration list for PBXProject "objcApplication" */ = {
			isa = XCConfigurationList;
			buildConfigurations = (
				FE64048F1D54667900652BAC /* Debug */,
				FE6404901D54667900652BAC /* Release */,
			);
			defaultConfigurationIsVisible = 0;
			defaultConfigurationName = Release;
		};
		FE6404911D54667900652BAC /* Build configuration list for PBXNativeTarget "objcApplication" */ = {
			isa = XCConfigurationList;
			buildConfigurations = (
				FE6404921D54667900652BAC /* Debug */,
				FE6404931D54667900652BAC /* Release */,
			);
			defaultConfigurationIsVisible = 0;
		};
		FE6404941D54667900652BAC /* Build configuration list for PBXNativeTarget "objcApplicationTests" */ = {
			isa = XCConfigurationList;
			buildConfigurations = (
				FE6404951D54667900652BAC /* Debug */,
				FE6404961D54667900652BAC /* Release */,
			);
			defaultConfigurationIsVisible = 0;
		};
/* End XCConfigurationList section */
	};
	rootObject = FE6404741D54667900652BAC /* Project object */;
}
